# THIS IS AN AUTOGENERATED FILE. DO NOT EDIT THIS FILE DIRECTLY.
# yarn lockfile v1


"@jridgewell/gen-mapping@^0.3.5":
  version "0.3.5"
  resolved "https://registry.yarnpkg.com/@jridgewell/gen-mapping/-/gen-mapping-0.3.5.tgz#dcce6aff74bdf6dad1a95802b69b04a2fcb1fb36"
  integrity sha512-IzL8ZoEDIBRWEzlCcRhOaCupYyN5gdIK+Q6fbFdPDg6HqX6jpkItn7DFIpW9LQzXG6Df9sA7+OKnq0qlz/GaQg==
  dependencies:
    "@jridgewell/set-array" "^1.2.1"
    "@jridgewell/sourcemap-codec" "^1.4.10"
    "@jridgewell/trace-mapping" "^0.3.24"

"@jridgewell/resolve-uri@^3.1.0":
  version "3.1.2"
  resolved "https://registry.yarnpkg.com/@jridgewell/resolve-uri/-/resolve-uri-3.1.2.tgz#7a0ee601f60f99a20c7c7c5ff0c80388c1189bd6"
  integrity sha512-bRISgCIjP20/tbWSPWMEi54QVPRZExkuD9lJL+UIxUKtwVJA8wW1Trb1jMs1RFXo1CBTNZ/5hpC9QvmKWdopKw==

"@jridgewell/set-array@^1.2.1":
  version "1.2.1"
  resolved "https://registry.yarnpkg.com/@jridgewell/set-array/-/set-array-1.2.1.tgz#558fb6472ed16a4c850b889530e6b36438c49280"
  integrity sha512-R8gLRTZeyp03ymzP/6Lil/28tGeGEzhx1q2k703KGWRAI1VdvPIXdG70VJc2pAMw3NA6JKL5hhFu1sJX0Mnn/A==

"@jridgewell/source-map@^0.3.3":
  version "0.3.6"
  resolved "https://registry.yarnpkg.com/@jridgewell/source-map/-/source-map-0.3.6.tgz#9d71ca886e32502eb9362c9a74a46787c36df81a"
  integrity sha512-1ZJTZebgqllO79ue2bm3rIGud/bOe0pP5BjSRCRxxYkEZS8STV7zN84UBbiYu7jy+eCKSnVIUgoWWE/tt+shMQ==
  dependencies:
    "@jridgewell/gen-mapping" "^0.3.5"
    "@jridgewell/trace-mapping" "^0.3.25"

"@jridgewell/sourcemap-codec@^1.4.10", "@jridgewell/sourcemap-codec@^1.4.14", "@jridgewell/sourcemap-codec@^1.4.15":
  version "1.4.15"
  resolved "https://registry.yarnpkg.com/@jridgewell/sourcemap-codec/-/sourcemap-codec-1.4.15.tgz#d7c6e6755c78567a951e04ab52ef0fd26de59f32"
  integrity sha512-eF2rxCRulEKXHTRiDrDy6erMYWqNw4LPdQ8UQA4huuxaQsVeRPFl2oM8oDGxMFhJUWZf9McpLtJasDDZb/Bpeg==

"@jridgewell/trace-mapping@^0.3.24", "@jridgewell/trace-mapping@^0.3.25":
  version "0.3.25"
  resolved "https://registry.yarnpkg.com/@jridgewell/trace-mapping/-/trace-mapping-0.3.25.tgz#15f190e98895f3fc23276ee14bc76b675c2e50f0"
  integrity sha512-vNk6aEwybGtawWmy/PzwnGDOjCkLWSD2wqvjGGAgOAwCGWySYXfYoxt00IJkTF+8Lb57DwOb3Aa0o9CApepiYQ==
  dependencies:
    "@jridgewell/resolve-uri" "^3.1.0"
    "@jridgewell/sourcemap-codec" "^1.4.14"

"@napi-rs/canvas-android-arm64@0.1.52":
  version "0.1.52"
  resolved "https://registry.yarnpkg.com/@napi-rs/canvas-android-arm64/-/canvas-android-arm64-0.1.52.tgz#b0383c98d004e9f02ca71a8c2d68a49284b7f215"
  integrity sha512-x/K471KbASPVh5mfBUxokza66J0FNIlOgMNANWAf5C8HiATb487KecEhSkUQvvTS3WLYC9uSqIPHFgwF+tir3w==

"@napi-rs/canvas-darwin-arm64@0.1.52":
  version "0.1.52"
  resolved "https://registry.yarnpkg.com/@napi-rs/canvas-darwin-arm64/-/canvas-darwin-arm64-0.1.52.tgz#6f06e38d2ff12b4e8cb7dec593aa271d29cf41d5"
  integrity sha512-4OgVRD7TW02q5Q7lWLLjT+pYJ9ZHkQUTBOuXbPQ5wB0Wnh3RIq/aMY6thoXDZDzdR5vV3a5TUtbZUJ0aqLq3NA==

"@napi-rs/canvas-darwin-x64@0.1.52":
  version "0.1.52"
  resolved "https://registry.yarnpkg.com/@napi-rs/canvas-darwin-x64/-/canvas-darwin-x64-0.1.52.tgz#f3269e7dbda9f6f2f0245aae44df4a8ac9940574"
  integrity sha512-3fgeGJ3j2X6Mtmn0QYf3iA+A6y1ePnsayakc2emEokzf03ErrPczONw3vjnTQo53JLPMzEnfPGAffdktU/ssPA==

"@napi-rs/canvas-linux-arm-gnueabihf@0.1.52":
  version "0.1.52"
  resolved "https://registry.yarnpkg.com/@napi-rs/canvas-linux-arm-gnueabihf/-/canvas-linux-arm-gnueabihf-0.1.52.tgz#711d82f0d86d8d1570b4fd93bc0017490be552ff"
  integrity sha512-aaDEEK5XwHUrPt0q4SR8l7Va0vtn50KmSs+itxP+o7RNk3Nuch8fINHOXyhMyhwNYgv1tfiJVyHsJhD0E6lXGA==

"@napi-rs/canvas-linux-arm64-gnu@0.1.52":
  version "0.1.52"
  resolved "https://registry.yarnpkg.com/@napi-rs/canvas-linux-arm64-gnu/-/canvas-linux-arm64-gnu-0.1.52.tgz#fd59f5064cec550b01bd20e42e35886531dbd88a"
  integrity sha512-tzuwM7Amt5mkrp4csQjYWkFzwFdiCm7RNdJ5usX8syzKSXmozqWzLHjzo/2ozdSQNUy6wyzRrxkG4Rh6g0OpOA==

"@napi-rs/canvas-linux-arm64-musl@0.1.52":
  version "0.1.52"
  resolved "https://registry.yarnpkg.com/@napi-rs/canvas-linux-arm64-musl/-/canvas-linux-arm64-musl-0.1.52.tgz#cf097920b93c610c9b69305c7522d14cb2e970a3"
  integrity sha512-HQCtJlDT0dFp3uUZVzZOZ1VLMO7lbLRc548MjMxPpojit2ZdGopFzJ8jDSr4iszHrTO1SM1AxPaCM3pRvCAtjw==

"@napi-rs/canvas-linux-x64-gnu@0.1.52":
  version "0.1.52"
  resolved "https://registry.yarnpkg.com/@napi-rs/canvas-linux-x64-gnu/-/canvas-linux-x64-gnu-0.1.52.tgz#9a4e6b5d392d8f83477dbbb2067dc0e50785edbb"
  integrity sha512-z5sBEw0PVWPH/MIQL8hOR8C3YYVlu8lqtRUcYajigMfXAhbMiNqDWTjuIWGMz3nIydDjZmn8KTxw/D4a0HFPqQ==

"@napi-rs/canvas-linux-x64-musl@0.1.52":
  version "0.1.52"
  resolved "https://registry.yarnpkg.com/@napi-rs/canvas-linux-x64-musl/-/canvas-linux-x64-musl-0.1.52.tgz#10a035304876c8b75474c169208de29d05553165"
  integrity sha512-G1+JdWFhHLyHhULJS51xTEhB7EL0ZiAUQwQaRi4/w75OOYDQ91O+o4miaxDHiV0hZuxBhHtZU6ftV2Zl3RMguw==

"@napi-rs/canvas-win32-x64-msvc@0.1.52":
  version "0.1.52"
  resolved "https://registry.yarnpkg.com/@napi-rs/canvas-win32-x64-msvc/-/canvas-win32-x64-msvc-0.1.52.tgz#b9b4d71e8c06b65f838b6caf4e6c44b46fe5b16e"
  integrity sha512-hMI626VsCC/wv29qHF78N7TSG+auatOp08DHln0Zdif5y1NJ14NU/rNUhzlTW8Zc6ssw+AMDJ3KKYYWYYg1aoA==

"@napi-rs/canvas@^0.1.52":
  version "0.1.52"
  resolved "https://registry.yarnpkg.com/@napi-rs/canvas/-/canvas-0.1.52.tgz#49c3a27c9243ffa5b21ba6368155aad6252e180c"
  integrity sha512-xeW9EghZLDPZuqWJ4l1+eG3ld0i9J7SpV2zlgi34MPt/FE9K2XWGCfnLr0gHGOBkcI3YOVhI13I0HqRAkMPdVw==
  optionalDependencies:
    "@napi-rs/canvas-android-arm64" "0.1.52"
    "@napi-rs/canvas-darwin-arm64" "0.1.52"
    "@napi-rs/canvas-darwin-x64" "0.1.52"
    "@napi-rs/canvas-linux-arm-gnueabihf" "0.1.52"
    "@napi-rs/canvas-linux-arm64-gnu" "0.1.52"
    "@napi-rs/canvas-linux-arm64-musl" "0.1.52"
    "@napi-rs/canvas-linux-x64-gnu" "0.1.52"
    "@napi-rs/canvas-linux-x64-musl" "0.1.52"
    "@napi-rs/canvas-win32-x64-msvc" "0.1.52"

"@rollup/plugin-commonjs@^25.0.7":
  version "25.0.7"
  resolved "https://registry.yarnpkg.com/@rollup/plugin-commonjs/-/plugin-commonjs-25.0.7.tgz#145cec7589ad952171aeb6a585bbeabd0fd3b4cf"
  integrity sha512-nEvcR+LRjEjsaSsc4x3XZfCCvZIaSMenZu/OiwOKGN2UhQpAYI7ru7czFvyWbErlpoGjnSX3D5Ch5FcMA3kRWQ==
  dependencies:
    "@rollup/pluginutils" "^5.0.1"
    commondir "^1.0.1"
    estree-walker "^2.0.2"
    glob "^8.0.3"
    is-reference "1.2.1"
    magic-string "^0.30.3"

"@rollup/plugin-json@^6.1.0":
  version "6.1.0"
  resolved "https://registry.yarnpkg.com/@rollup/plugin-json/-/plugin-json-6.1.0.tgz#fbe784e29682e9bb6dee28ea75a1a83702e7b805"
  integrity sha512-EGI2te5ENk1coGeADSIwZ7G2Q8CJS2sF120T7jLw4xFw9n7wIOXHo+kIYRAoVpJAN+kmqZSoO3Fp4JtoNF4ReA==
  dependencies:
    "@rollup/pluginutils" "^5.1.0"

"@rollup/plugin-node-resolve@^15.2.3":
  version "15.2.3"
  resolved "https://registry.yarnpkg.com/@rollup/plugin-node-resolve/-/plugin-node-resolve-15.2.3.tgz#e5e0b059bd85ca57489492f295ce88c2d4b0daf9"
  integrity sha512-j/lym8nf5E21LwBT4Df1VD6hRO2L2iwUeUmP7litikRsVp1H6NWx20NEp0Y7su+7XGc476GnXXc4kFeZNGmaSQ==
  dependencies:
    "@rollup/pluginutils" "^5.0.1"
    "@types/resolve" "1.20.2"
    deepmerge "^4.2.2"
    is-builtin-module "^3.2.1"
    is-module "^1.0.0"
    resolve "^1.22.1"

"@rollup/plugin-terser@^0.4.4":
  version "0.4.4"
  resolved "https://registry.yarnpkg.com/@rollup/plugin-terser/-/plugin-terser-0.4.4.tgz#15dffdb3f73f121aa4fbb37e7ca6be9aeea91962"
  integrity sha512-XHeJC5Bgvs8LfukDwWZp7yeqin6ns8RTl2B9avbejt6tZqsqvVoWI7ZTQrcNsfKEDWBTnTxM8nMDkO2IFFbd0A==
  dependencies:
    serialize-javascript "^6.0.1"
    smob "^1.0.0"
    terser "^5.17.4"

"@rollup/plugin-typescript@^11.1.6":
  version "11.1.6"
  resolved "https://registry.yarnpkg.com/@rollup/plugin-typescript/-/plugin-typescript-11.1.6.tgz#724237d5ec12609ec01429f619d2a3e7d4d1b22b"
  integrity sha512-R92yOmIACgYdJ7dJ97p4K69I8gg6IEHt8M7dUBxN3W6nrO8uUxX5ixl0yU/N3aZTi8WhPuICvOHXQvF6FaykAA==
  dependencies:
    "@rollup/pluginutils" "^5.1.0"
    resolve "^1.22.1"

"@rollup/plugin-url@^8.0.2":
  version "8.0.2"
  resolved "https://registry.yarnpkg.com/@rollup/plugin-url/-/plugin-url-8.0.2.tgz#aab4e209e9e012f65582bd99eb80b3bbdfe15afb"
  integrity sha512-5yW2LP5NBEgkvIRSSEdJkmxe5cUNZKG3eenKtfJvSkxVm/xTTu7w+ayBtNwhozl1ZnTUCU0xFaRQR+cBl2H7TQ==
  dependencies:
    "@rollup/pluginutils" "^5.0.1"
    make-dir "^3.1.0"
    mime "^3.0.0"

"@rollup/pluginutils@^3 || ^4 || ^5", "@rollup/pluginutils@^5.0.1":
  version "5.0.2"
  resolved "https://registry.npmjs.org/@rollup/pluginutils/-/pluginutils-5.0.2.tgz#012b8f53c71e4f6f9cb317e311df1404f56e7a33"
  integrity sha512-pTd9rIsP92h+B6wWwFbW8RkZv4hiR/xKsqre4SIuAOaOEQRxi0lqLke9k2/7WegC85GgUs9pjmOjCUi3In4vwA==
  dependencies:
    "@types/estree" "^1.0.0"
    estree-walker "^2.0.2"
    picomatch "^2.3.1"

"@rollup/pluginutils@^5.1.0":
  version "5.1.0"
  resolved "https://registry.yarnpkg.com/@rollup/pluginutils/-/pluginutils-5.1.0.tgz#7e53eddc8c7f483a4ad0b94afb1f7f5fd3c771e0"
  integrity sha512-XTIWOPPcpvyKI6L1NHo0lFlCyznUEyPmPY1mc3KpPVDYulHSTvyeLNVW00QTLIAFNhR3kYnJTQHeGqU4M3n09g==
  dependencies:
    "@types/estree" "^1.0.0"
    estree-walker "^2.0.2"
    picomatch "^2.3.1"

"@rollup/rollup-android-arm-eabi@4.17.2":
  version "4.17.2"
  resolved "https://registry.yarnpkg.com/@rollup/rollup-android-arm-eabi/-/rollup-android-arm-eabi-4.17.2.tgz#1a32112822660ee104c5dd3a7c595e26100d4c2d"
  integrity sha512-NM0jFxY8bB8QLkoKxIQeObCaDlJKewVlIEkuyYKm5An1tdVZ966w2+MPQ2l8LBZLjR+SgyV+nRkTIunzOYBMLQ==

"@rollup/rollup-android-arm64@4.17.2":
  version "4.17.2"
  resolved "https://registry.yarnpkg.com/@rollup/rollup-android-arm64/-/rollup-android-arm64-4.17.2.tgz#5aeef206d65ff4db423f3a93f71af91b28662c5b"
  integrity sha512-yeX/Usk7daNIVwkq2uGoq2BYJKZY1JfyLTaHO/jaiSwi/lsf8fTFoQW/n6IdAsx5tx+iotu2zCJwz8MxI6D/Bw==

"@rollup/rollup-darwin-arm64@4.17.2":
  version "4.17.2"
  resolved "https://registry.yarnpkg.com/@rollup/rollup-darwin-arm64/-/rollup-darwin-arm64-4.17.2.tgz#6b66aaf003c70454c292cd5f0236ebdc6ffbdf1a"
  integrity sha512-kcMLpE6uCwls023+kknm71ug7MZOrtXo+y5p/tsg6jltpDtgQY1Eq5sGfHcQfb+lfuKwhBmEURDga9N0ol4YPw==

"@rollup/rollup-darwin-x64@4.17.2":
  version "4.17.2"
  resolved "https://registry.yarnpkg.com/@rollup/rollup-darwin-x64/-/rollup-darwin-x64-4.17.2.tgz#f64fc51ed12b19f883131ccbcea59fc68cbd6c0b"
  integrity sha512-AtKwD0VEx0zWkL0ZjixEkp5tbNLzX+FCqGG1SvOu993HnSz4qDI6S4kGzubrEJAljpVkhRSlg5bzpV//E6ysTQ==

"@rollup/rollup-linux-arm-gnueabihf@4.17.2":
  version "4.17.2"
  resolved "https://registry.yarnpkg.com/@rollup/rollup-linux-arm-gnueabihf/-/rollup-linux-arm-gnueabihf-4.17.2.tgz#1a7641111be67c10111f7122d1e375d1226cbf14"
  integrity sha512-3reX2fUHqN7sffBNqmEyMQVj/CKhIHZd4y631duy0hZqI8Qoqf6lTtmAKvJFYa6bhU95B1D0WgzHkmTg33In0A==

"@rollup/rollup-linux-arm-musleabihf@4.17.2":
  version "4.17.2"
  resolved "https://registry.yarnpkg.com/@rollup/rollup-linux-arm-musleabihf/-/rollup-linux-arm-musleabihf-4.17.2.tgz#c93fd632923e0fee25aacd2ae414288d0b7455bb"
  integrity sha512-uSqpsp91mheRgw96xtyAGP9FW5ChctTFEoXP0r5FAzj/3ZRv3Uxjtc7taRQSaQM/q85KEKjKsZuiZM3GyUivRg==

"@rollup/rollup-linux-arm64-gnu@4.17.2":
  version "4.17.2"
  resolved "https://registry.yarnpkg.com/@rollup/rollup-linux-arm64-gnu/-/rollup-linux-arm64-gnu-4.17.2.tgz#fa531425dd21d058a630947527b4612d9d0b4a4a"
  integrity sha512-EMMPHkiCRtE8Wdk3Qhtciq6BndLtstqZIroHiiGzB3C5LDJmIZcSzVtLRbwuXuUft1Cnv+9fxuDtDxz3k3EW2A==

"@rollup/rollup-linux-arm64-musl@4.17.2":
  version "4.17.2"
  resolved "https://registry.yarnpkg.com/@rollup/rollup-linux-arm64-musl/-/rollup-linux-arm64-musl-4.17.2.tgz#8acc16f095ceea5854caf7b07e73f7d1802ac5af"
  integrity sha512-NMPylUUZ1i0z/xJUIx6VUhISZDRT+uTWpBcjdv0/zkp7b/bQDF+NfnfdzuTiB1G6HTodgoFa93hp0O1xl+/UbA==

"@rollup/rollup-linux-powerpc64le-gnu@4.17.2":
  version "4.17.2"
  resolved "https://registry.yarnpkg.com/@rollup/rollup-linux-powerpc64le-gnu/-/rollup-linux-powerpc64le-gnu-4.17.2.tgz#94e69a8499b5cf368911b83a44bb230782aeb571"
  integrity sha512-T19My13y8uYXPw/L/k0JYaX1fJKFT/PWdXiHr8mTbXWxjVF1t+8Xl31DgBBvEKclw+1b00Chg0hxE2O7bTG7GQ==

"@rollup/rollup-linux-riscv64-gnu@4.17.2":
  version "4.17.2"
  resolved "https://registry.yarnpkg.com/@rollup/rollup-linux-riscv64-gnu/-/rollup-linux-riscv64-gnu-4.17.2.tgz#7ef1c781c7e59e85a6ce261cc95d7f1e0b56db0f"
  integrity sha512-BOaNfthf3X3fOWAB+IJ9kxTgPmMqPPH5f5k2DcCsRrBIbWnaJCgX2ll77dV1TdSy9SaXTR5iDXRL8n7AnoP5cg==

"@rollup/rollup-linux-s390x-gnu@4.17.2":
  version "4.17.2"
  resolved "https://registry.yarnpkg.com/@rollup/rollup-linux-s390x-gnu/-/rollup-linux-s390x-gnu-4.17.2.tgz#f15775841c3232fca9b78cd25a7a0512c694b354"
  integrity sha512-W0UP/x7bnn3xN2eYMql2T/+wpASLE5SjObXILTMPUBDB/Fg/FxC+gX4nvCfPBCbNhz51C+HcqQp2qQ4u25ok6g==

"@rollup/rollup-linux-x64-gnu@4.17.2":
  version "4.17.2"
  resolved "https://registry.yarnpkg.com/@rollup/rollup-linux-x64-gnu/-/rollup-linux-x64-gnu-4.17.2.tgz#b521d271798d037ad70c9f85dd97d25f8a52e811"
  integrity sha512-Hy7pLwByUOuyaFC6mAr7m+oMC+V7qyifzs/nW2OJfC8H4hbCzOX07Ov0VFk/zP3kBsELWNFi7rJtgbKYsav9QQ==

"@rollup/rollup-linux-x64-musl@4.17.2":
  version "4.17.2"
  resolved "https://registry.yarnpkg.com/@rollup/rollup-linux-x64-musl/-/rollup-linux-x64-musl-4.17.2.tgz#9254019cc4baac35800991315d133cc9fd1bf385"
  integrity sha512-h1+yTWeYbRdAyJ/jMiVw0l6fOOm/0D1vNLui9iPuqgRGnXA0u21gAqOyB5iHjlM9MMfNOm9RHCQ7zLIzT0x11Q==

"@rollup/rollup-win32-arm64-msvc@4.17.2":
  version "4.17.2"
  resolved "https://registry.yarnpkg.com/@rollup/rollup-win32-arm64-msvc/-/rollup-win32-arm64-msvc-4.17.2.tgz#27f65a89f6f52ee9426ec11e3571038e4671790f"
  integrity sha512-tmdtXMfKAjy5+IQsVtDiCfqbynAQE/TQRpWdVataHmhMb9DCoJxp9vLcCBjEQWMiUYxO1QprH/HbY9ragCEFLA==

"@rollup/rollup-win32-ia32-msvc@4.17.2":
  version "4.17.2"
  resolved "https://registry.yarnpkg.com/@rollup/rollup-win32-ia32-msvc/-/rollup-win32-ia32-msvc-4.17.2.tgz#a2fbf8246ed0bb014f078ca34ae6b377a90cb411"
  integrity sha512-7II/QCSTAHuE5vdZaQEwJq2ZACkBpQDOmQsE6D6XUbnBHW8IAhm4eTufL6msLJorzrHDFv3CF8oCA/hSIRuZeQ==

"@rollup/rollup-win32-x64-msvc@4.17.2":
  version "4.17.2"
  resolved "https://registry.yarnpkg.com/@rollup/rollup-win32-x64-msvc/-/rollup-win32-x64-msvc-4.17.2.tgz#5a2d08b81e8064b34242d5cc9973ef8dd1e60503"
  integrity sha512-TGGO7v7qOq4CYmSBVEYpI1Y5xDuCEnbVC5Vth8mOsW0gDSzxNrVERPc790IGHsrT2dQSimgMr9Ub3Y1Jci5/8w==

"@tsconfig/esm@^1.0.2":
  version "1.0.2"
  resolved "https://registry.npmjs.org/@tsconfig/esm/-/esm-1.0.2.tgz#6eef523398527915d63e3825204789cf1dbd6f28"
  integrity sha512-awiISx+G4L+7k97nKnfA5QF6rukawiuycMPfASFHG/0fqjrUlYBuNISy3Yjl1SHIpVi57lYf7dc6L/FoQQCKcA==

"@tsconfig/node18@^1.0.1":
  version "1.0.1"
  resolved "https://registry.npmjs.org/@tsconfig/node18/-/node18-1.0.1.tgz#ea5b375a9ead6b09ccbd70c3894ea069829ea1bb"
  integrity sha512-sNFeK6X2ATlhlvzyH4kKYQlfHXE2f2/wxtB9ClvYXevWpmwkUT7VaSrjIN9E76Qebz8qP5JOJJ9jD3QoD/Z9TA==

"@tsconfig/recommended@^1.0.2":
  version "1.0.2"
  resolved "https://registry.npmjs.org/@tsconfig/recommended/-/recommended-1.0.2.tgz#1e198237225933e319718f082e78366e9f159d71"
  integrity sha512-dbHBtbWBOjq0/otpopAE02NT2Cm05Qe2JsEKeCf/wjSYbI2hz8nCqnpnOJWHATgjDz4fd3dchs3Wy1gQGjfN6w==

"@tsconfig/strictest@^2.0.0":
  version "2.0.0"
  resolved "https://registry.npmjs.org/@tsconfig/strictest/-/strictest-2.0.0.tgz#9528a6298aa28ecc93b0c4c4e9ea6aac813779b5"
  integrity sha512-E0dpiZNdwO20c8d3seh7OmjAvDpwoRkTcU6M8cvggzB45Bd45tyTU2XJeA5Wfq+8NzVGhunvqOJ30AjSkywMXA==

"@types/estree@*":
  version "1.0.1"
  resolved "https://registry.npmjs.org/@types/estree/-/estree-1.0.1.tgz#aa22750962f3bf0e79d753d3cc067f010c95f194"
  integrity sha512-LG4opVs2ANWZ1TJoKc937iMmNstM/d0ae1vNbnBvBhqCSezgVUOzcLCqbI5elV8Vy6WKwKjaqR+zO9VKirBBCA==

"@types/estree@1.0.5":
  version "1.0.5"
  resolved "https://registry.yarnpkg.com/@types/estree/-/estree-1.0.5.tgz#a6ce3e556e00fd9895dd872dd172ad0d4bd687f4"
  integrity sha512-/kYRxGDLWzHOB7q+wtSUQlFrtcdUccpfy+X+9iMBpHK8QLLhx2wIPYuS5DYtR9Wa/YlZAbIovy7qVdB1Aq6Lyw==

"@types/estree@^1.0.0":
  version "1.0.0"
  resolved "https://registry.npmjs.org/@types/estree/-/estree-1.0.0.tgz#5fb2e536c1ae9bf35366eed879e827fa59ca41c2"
  integrity sha512-WulqXMDUTYAXCjZnk6JtIHPigp55cVtDgDrO2gHRwhyJto21+1zbVCtOYB2L1F9w4qCQ0rOGWBnBe0FNTiEJIQ==

"@types/resolve@1.20.2":
  version "1.20.2"
  resolved "https://registry.npmjs.org/@types/resolve/-/resolve-1.20.2.tgz#97d26e00cd4a0423b4af620abecf3e6f442b7975"
  integrity sha512-60BCwRFOZCQhDncwQdxxeOEEkbc5dIMccYLwbxsS4TUNeVECQ/pBJ0j09mrHOl/JJvpRPGwO9SvE4nR2Nb/a4Q==

"@types/semver@^7.5.0":
  version "7.5.0"
  resolved "https://registry.npmjs.org/@types/semver/-/semver-7.5.0.tgz#591c1ce3a702c45ee15f47a42ade72c2fd78978a"
  integrity sha512-G8hZ6XJiHnuhQKR7ZmysCeJWE08o8T0AXtk5darsCaTVsYZhhgUrq53jizaR2FvsoeCwJhlmwTjkXBY5Pn/ZHw==

acorn@^8.8.2:
  version "8.11.3"
  resolved "https://registry.yarnpkg.com/acorn/-/acorn-8.11.3.tgz#71e0b14e13a4ec160724b38fb7b0f233b1b81d7a"
  integrity sha512-Y9rRfJG5jcKOE0CLisYbojUjIrIEE7AGMzA/Sm4BslANhbS+cDMpgBdcPT91oJ7OuJ9hYJBx59RjbhxVnrF8Xg==

anymatch@~3.1.2:
  version "3.1.3"
  resolved "https://registry.npmjs.org/anymatch/-/anymatch-3.1.3.tgz#790c58b19ba1720a84205b57c618d5ad8524973e"
  integrity sha512-KMReFUr0B4t+D+OBkjR3KYqvocp2XaSzO55UcB6mgQMd3KbcE+mWTyvVV7D/zsdEbNnV6acZUutkiHQXvTr1Rw==
  dependencies:
    normalize-path "^3.0.0"
    picomatch "^2.0.4"

balanced-match@^1.0.0:
  version "1.0.2"
  resolved "https://registry.npmjs.org/balanced-match/-/balanced-match-1.0.2.tgz#e83e3a7e3f300b34cb9d87f615fa0cbf357690ee"
  integrity sha512-3oSeUO0TMV67hN1AmbXsK4yaqU7tjiHlbxRDZOpH0KW9+CeX4bRAaX0Anxt0tx2MrpRpWwQaPwIlISEJhYU5Pw==

binary-extensions@^2.0.0:
  version "2.2.0"
  resolved "https://registry.npmjs.org/binary-extensions/-/binary-extensions-2.2.0.tgz#75f502eeaf9ffde42fc98829645be4ea76bd9e2d"
  integrity sha512-jDctJ/IVQbZoJykoeHbhXpOlNBqGNcwXJKJog42E5HDPUwQTSdjCHdihjj0DlnheQ7blbT6dHOafNAiS8ooQKA==

brace-expansion@^2.0.1:
  version "2.0.1"
  resolved "https://registry.npmjs.org/brace-expansion/-/brace-expansion-2.0.1.tgz#1edc459e0f0c548486ecf9fc99f2221364b9a0ae"
  integrity sha512-XnAIvQ8eM+kC6aULx6wuQiwVsnzsi9d3WxzV3FpWTGA19F621kwdbsAcFKXgKUHZWsy+mY6iL1sHTxWEFCytDA==
  dependencies:
    balanced-match "^1.0.0"

braces@~3.0.2:
  version "3.0.2"
  resolved "https://registry.npmjs.org/braces/-/braces-3.0.2.tgz#3454e1a462ee8d599e236df336cd9ea4f8afe107"
  integrity sha512-b8um+L1RzM3WDSzvhm6gIz1yfTbBt6YTlcEKAvsmqCZZFw46z626lVj9j1yEPW33H5H+lBQpZMP1k8l+78Ha0A==
  dependencies:
    fill-range "^7.0.1"

buffer-from@^1.0.0:
  version "1.1.2"
  resolved "https://registry.npmjs.org/buffer-from/-/buffer-from-1.1.2.tgz#2b146a6fd72e80b4f55d255f35ed59a3a9a41bd5"
  integrity sha512-E+XQCRwSbaaiChtv6k6Dwgc+bx+Bs6vuKJHHl5kox/BaKbhiXzqQOwK4cO22yElGp2OCmjwVhT3HmxgyPGnJfQ==

builtin-modules@^3.3.0:
  version "3.3.0"
  resolved "https://registry.npmjs.org/builtin-modules/-/builtin-modules-3.3.0.tgz#cae62812b89801e9656336e46223e030386be7b6"
  integrity sha512-zhaCDicdLuWN5UbN5IMnFqNMhNfo919sH85y2/ea+5Yg9TsTkeZxpL+JLbp6cgYFS4sRLp3YV4S6yDuqVWHYOw==

"chokidar@>=3.0.0 <4.0.0":
  version "3.5.3"
  resolved "https://registry.npmjs.org/chokidar/-/chokidar-3.5.3.tgz#1cf37c8707b932bd1af1ae22c0432e2acd1903bd"
  integrity sha512-Dr3sfKRP6oTcjf2JmUmFJfeVMvXBdegxB0iVQ5eb2V10uFJUCAS8OByZdVAyVb8xXNz3GjjTgj9kLWsZTqE6kw==
  dependencies:
    anymatch "~3.1.2"
    braces "~3.0.2"
    glob-parent "~5.1.2"
    is-binary-path "~2.1.0"
    is-glob "~4.0.1"
    normalize-path "~3.0.0"
    readdirp "~3.6.0"
  optionalDependencies:
    fsevents "~2.3.2"

commander@^2.20.0:
  version "2.20.3"
  resolved "https://registry.npmjs.org/commander/-/commander-2.20.3.tgz#fd485e84c03eb4881c20722ba48035e8531aeb33"
  integrity sha512-GpVkmM8vF2vQUkj2LvZmD35JxeJOLCwJ9cUkugyk2nuhbv3+mJvpLYYt+0+USMxE+oj+ey/lJEnhZw75x/OMcQ==

commondir@^1.0.1:
  version "1.0.1"
  resolved "https://registry.npmjs.org/commondir/-/commondir-1.0.1.tgz#ddd800da0c66127393cca5950ea968a3aaf1253b"
  integrity sha512-W9pAhw0ja1Edb5GVdIF1mjZw/ASI0AlShXM83UUGe2DVr5TdAPEA1OA8m/g8zWp9x6On7gqufY+FatDbC3MDQg==

deepmerge@^4.2.2:
  version "4.3.1"
  resolved "https://registry.npmjs.org/deepmerge/-/deepmerge-4.3.1.tgz#44b5f2147cd3b00d4b56137685966f26fd25dd4a"
  integrity sha512-3sUqbMEc77XqpdNO7FRyRog+eW3ph+GYCbj+rK+uYyRMuwsVy0rMiVtPn+QJlKFvWP/1PYpapqYn0Me2knFn+A==

estree-walker@^2.0.2:
  version "2.0.2"
  resolved "https://registry.npmjs.org/estree-walker/-/estree-walker-2.0.2.tgz#52f010178c2a4c117a7757cfe942adb7d2da4cac"
  integrity sha512-Rfkk/Mp/DL7JVje3u18FxFujQlTNR2q6QfMSMB7AvCBx91NGj/ba3kCfza0f6dVDbw7YlRf/nDrn7pQrCCyQ/w==

fill-range@^7.0.1:
  version "7.0.1"
  resolved "https://registry.npmjs.org/fill-range/-/fill-range-7.0.1.tgz#1919a6a7c75fe38b2c7c77e5198535da9acdda40"
  integrity sha512-qOo9F+dMUmC2Lcb4BbVvnKJxTPjCm+RRpe4gDuGrzkL7mEVl/djYSu2OdQ2Pa302N4oqkSg9ir6jaLWJ2USVpQ==
  dependencies:
    to-regex-range "^5.0.1"

fs.realpath@^1.0.0:
  version "1.0.0"
  resolved "https://registry.npmjs.org/fs.realpath/-/fs.realpath-1.0.0.tgz#1504ad2523158caa40db4a2787cb01411994ea4f"
  integrity sha512-OO0pH2lK6a0hZnAdau5ItzHPI6pUlvI7jMVnxUQRtw4owF2wk8lOSabtGDCTP4Ggrg2MbGnWO9X8K1t4+fGMDw==

fsevents@~2.3.2:
  version "2.3.2"
  resolved "https://registry.npmjs.org/fsevents/-/fsevents-2.3.2.tgz#8a526f78b8fdf4623b709e0b975c52c24c02fd1a"
  integrity sha512-xiqMQR4xAeHTuB9uWm+fFRcIOgKBMiOBP+eXiyT7jsgVCq1bkVygt00oASowB7EdtpOHaaPgKt812P9ab+DDKA==

function-bind@^1.1.1:
  version "1.1.1"
  resolved "https://registry.npmjs.org/function-bind/-/function-bind-1.1.1.tgz#a56899d3ea3c9bab874bb9773b7c5ede92f4895d"
  integrity sha512-yIovAzMX49sF8Yl58fSCWJ5svSLuaibPxXQJFLmBObTuCr0Mf1KiPopGM9NiFjiYBCbfaa2Fh6breQ6ANVTI0A==

glob-parent@~5.1.2:
  version "5.1.2"
  resolved "https://registry.npmjs.org/glob-parent/-/glob-parent-5.1.2.tgz#869832c58034fe68a4093c17dc15e8340d8401c4"
  integrity sha512-AOIgSQCepiJYwP3ARnGx+5VnTu2HBYdzbGP45eLw1vr3zB3vZLeyed1sC9hnbcOc9/SrMyM5RPQrkGz4aS9Zow==
  dependencies:
    is-glob "^4.0.1"

glob@^8.0.3:
  version "8.1.0"
  resolved "https://registry.npmjs.org/glob/-/glob-8.1.0.tgz#d388f656593ef708ee3e34640fdfb99a9fd1c33e"
  integrity sha512-r8hpEjiQEYlF2QU0df3dS+nxxSIreXQS1qRhMJM0Q5NDdR386C7jb7Hwwod8Fgiuex+k0GFjgft18yvxm5XoCQ==
  dependencies:
    fs.realpath "^1.0.0"
    inflight "^1.0.4"
    inherits "2"
    minimatch "^5.0.1"
    once "^1.3.0"

has@^1.0.3:
  version "1.0.3"
  resolved "https://registry.npmjs.org/has/-/has-1.0.3.tgz#722d7cbfc1f6aa8241f16dd814e011e1f41e8796"
  integrity sha512-f2dvO0VU6Oej7RkWJGrehjbzMAjFp5/VKPp5tTpWIV4JHHZK1/BxbFRtf/siA2SWTe09caDmVtYYzWEIbBS4zw==
  dependencies:
    function-bind "^1.1.1"

immutable@^4.0.0:
  version "4.3.0"
  resolved "https://registry.npmjs.org/immutable/-/immutable-4.3.0.tgz#eb1738f14ffb39fd068b1dbe1296117484dd34be"
  integrity sha512-0AOCmOip+xgJwEVTQj1EfiDDOkPmuyllDuTuEX+DDXUgapLAsBIfkg3sxCYyCEA8mQqZrrxPUGjcOQ2JS3WLkg==

inflight@^1.0.4:
  version "1.0.6"
  resolved "https://registry.npmjs.org/inflight/-/inflight-1.0.6.tgz#49bd6331d7d02d0c09bc910a1075ba8165b56df9"
  integrity sha512-k92I/b08q4wvFscXCLvqfsHCrjrF7yiXsQuIVvVE7N82W3+aqpzuUdBbfhWcy/FZR3/4IgflMgKLOsvPDrGCJA==
  dependencies:
    once "^1.3.0"
    wrappy "1"

inherits@2:
  version "2.0.4"
  resolved "https://registry.npmjs.org/inherits/-/inherits-2.0.4.tgz#0fa2c64f932917c3433a0ded55363aae37416b7c"
  integrity sha512-k/vGaX4/Yla3WzyMCvTQOXYeIHvqOKtnqBduzTHpzpQZzAskKMhZ2K+EnBiSM9zGSoIFeMpXKxa4dYeZIQqewQ==

is-binary-path@~2.1.0:
  version "2.1.0"
  resolved "https://registry.npmjs.org/is-binary-path/-/is-binary-path-2.1.0.tgz#ea1f7f3b80f064236e83470f86c09c254fb45b09"
  integrity sha512-ZMERYes6pDydyuGidse7OsHxtbI7WVeUEozgR/g7rd0xUimYNlvZRE/K2MgZTjWy725IfelLeVcEM97mmtRGXw==
  dependencies:
    binary-extensions "^2.0.0"

is-builtin-module@^3.2.1:
  version "3.2.1"
  resolved "https://registry.npmjs.org/is-builtin-module/-/is-builtin-module-3.2.1.tgz#f03271717d8654cfcaf07ab0463faa3571581169"
  integrity sha512-BSLE3HnV2syZ0FK0iMA/yUGplUeMmNz4AW5fnTunbCIqZi4vG3WjJT9FHMy5D69xmAYBHXQhJdALdpwVxV501A==
  dependencies:
    builtin-modules "^3.3.0"

is-core-module@^2.12.0:
  version "2.12.0"
  resolved "https://registry.npmjs.org/is-core-module/-/is-core-module-2.12.0.tgz#36ad62f6f73c8253fd6472517a12483cf03e7ec4"
  integrity sha512-RECHCBCd/viahWmwj6enj19sKbHfJrddi/6cBDsNTKbNq0f7VeaUkBo60BqzvPqo/W54ChS62Z5qyun7cfOMqQ==
  dependencies:
    has "^1.0.3"

is-extglob@^2.1.1:
  version "2.1.1"
  resolved "https://registry.npmjs.org/is-extglob/-/is-extglob-2.1.1.tgz#a88c02535791f02ed37c76a1b9ea9773c833f8c2"
  integrity sha512-SbKbANkN603Vi4jEZv49LeVJMn4yGwsbzZworEoyEiutsN3nJYdbO36zfhGJ6QEDpOZIFkDtnq5JRxmvl3jsoQ==

is-glob@^4.0.1, is-glob@~4.0.1:
  version "4.0.3"
  resolved "https://registry.npmjs.org/is-glob/-/is-glob-4.0.3.tgz#64f61e42cbbb2eec2071a9dac0b28ba1e65d5084"
  integrity sha512-xelSayHH36ZgE7ZWhli7pW34hNbNl8Ojv5KVmkJD4hBdD3th8Tfk9vYasLM+mXWOZhFkgZfxhLSnrwRr4elSSg==
  dependencies:
    is-extglob "^2.1.1"

is-module@^1.0.0:
  version "1.0.0"
  resolved "https://registry.npmjs.org/is-module/-/is-module-1.0.0.tgz#3258fb69f78c14d5b815d664336b4cffb6441591"
  integrity sha512-51ypPSPCoTEIN9dy5Oy+h4pShgJmPCygKfyRCISBI+JoWT/2oJvK8QPxmwv7b/p239jXrm9M1mlQbyKJ5A152g==

is-number@^7.0.0:
  version "7.0.0"
  resolved "https://registry.npmjs.org/is-number/-/is-number-7.0.0.tgz#7535345b896734d5f80c4d06c50955527a14f12b"
  integrity sha512-41Cifkg6e8TylSpdtTpeLVMqvSBEVzTttHvERD741+pnZ8ANv0004MRL43QKPDlK9cGvNp6NZWZUBlbGXYxxng==

is-reference@1.2.1:
  version "1.2.1"
  resolved "https://registry.npmjs.org/is-reference/-/is-reference-1.2.1.tgz#8b2dac0b371f4bc994fdeaba9eb542d03002d0b7"
  integrity sha512-U82MsXXiFIrjCK4otLT+o2NA2Cd2g5MLoOVXUZjIOhLurrRxpEXzI8O0KZHr3IjLvlAH1kTPYSuqer5T9ZVBKQ==
  dependencies:
    "@types/estree" "*"

magic-string@^0.30.3:
  version "0.30.10"
  resolved "https://registry.yarnpkg.com/magic-string/-/magic-string-0.30.10.tgz#123d9c41a0cb5640c892b041d4cfb3bd0aa4b39e"
  integrity sha512-iIRwTIf0QKV3UAnYK4PU8uiEc4SRh5jX0mwpIwETPpHdhVM4f53RSwS/vXvN1JhGX+Cs7B8qIq3d6AH49O5fAQ==
  dependencies:
    "@jridgewell/sourcemap-codec" "^1.4.15"

make-dir@^3.1.0:
  version "3.1.0"
  resolved "https://registry.npmjs.org/make-dir/-/make-dir-3.1.0.tgz#415e967046b3a7f1d185277d84aa58203726a13f"
  integrity sha512-g3FeP20LNwhALb/6Cz6Dd4F2ngze0jz7tbzrD2wAV+o9FeNHe4rL+yK2md0J/fiSf1sa1ADhXqi5+oVwOM/eGw==
  dependencies:
    semver "^6.0.0"

marked@^5.0.4:
  version "5.0.4"
  resolved "https://registry.npmjs.org/marked/-/marked-5.0.4.tgz#69bc2b43de2e58ca46f5ff2ff294e9825c7f5cd1"
  integrity sha512-r0W8/DK56fAkV0qfUCO9cEt/VlFWUzoJOqEigvijmsVkTuPOHckh7ZutNJepRO1AxHhK96/9txonHg4bWd/aLA==

mime@^3.0.0:
  version "3.0.0"
  resolved "https://registry.npmjs.org/mime/-/mime-3.0.0.tgz#b374550dca3a0c18443b0c950a6a58f1931cf7a7"
  integrity sha512-jSCU7/VB1loIWBZe14aEYHU/+1UMEHoaO7qxCOVJOw9GgH72VAWppxNcjU+x9a2k3GSIBXNKxXQFqRvvZ7vr3A==

minimatch@^5.0.1:
  version "5.1.6"
  resolved "https://registry.npmjs.org/minimatch/-/minimatch-5.1.6.tgz#1cfcb8cf5522ea69952cd2af95ae09477f122a96"
  integrity sha512-lKwV/1brpG6mBUFHtb7NUmtABCb2WZZmm2wNiOA5hAb8VdCS4B3dtMWyvcoViccwAW/COERjXLt0zP1zXUN26g==
  dependencies:
    brace-expansion "^2.0.1"

normalize-path@^3.0.0, normalize-path@~3.0.0:
  version "3.0.0"
  resolved "https://registry.npmjs.org/normalize-path/-/normalize-path-3.0.0.tgz#0dcd69ff23a1c9b11fd0978316644a0388216a65"
  integrity sha512-6eZs5Ls3WtCisHWp9S2GUy8dqkpGi4BVSz3GaqiE6ezub0512ESztXUwUB6C6IKbQkY2Pnb/mD4WYojCRwcwLA==

once@^1.3.0:
  version "1.4.0"
  resolved "https://registry.npmjs.org/once/-/once-1.4.0.tgz#583b1aa775961d4b113ac17d9c50baef9dd76bd1"
  integrity sha512-lNaJgI+2Q5URQBkccEKHTQOPaXdUxnZZElQTZY0MFUAuaEqe1E+Nyvgdz/aIyNi6Z9MzO5dv1H8n58/GELp3+w==
  dependencies:
    wrappy "1"

path-parse@^1.0.7:
  version "1.0.7"
  resolved "https://registry.npmjs.org/path-parse/-/path-parse-1.0.7.tgz#fbc114b60ca42b30d9daf5858e4bd68bbedb6735"
  integrity sha512-LDJzPVEEEPR+y48z93A0Ed0yXb8pAByGWo/k5YYdYgpY2/2EsOsksJrq7lOHxryrVOn1ejG6oAp8ahvOIQD8sw==

picomatch@^2.0.4, picomatch@^2.2.1, picomatch@^2.3.1:
  version "2.3.1"
  resolved "https://registry.npmjs.org/picomatch/-/picomatch-2.3.1.tgz#3ba3833733646d9d3e4995946c1365a67fb07a42"
  integrity sha512-JU3teHTNjmE2VCGFzuY8EXzCDVwEqB2a8fsIvwaStHhAWJEeVd1o1QD80CU6+ZdEXXSLbSsuLwJjkCBWqRQUVA==

prettier@^2.8.8:
  version "2.8.8"
  resolved "https://registry.npmjs.org/prettier/-/prettier-2.8.8.tgz#e8c5d7e98a4305ffe3de2e1fc4aca1a71c28b1da"
  integrity sha512-tdN8qQGvNjw4CHbY+XXk0JgCXn9QiF21a55rBe5LJAU+kDyC4WQn4+awm2Xfk2lQMk5fKup9XgzTZtGkjBdP9Q==

randombytes@^2.1.0:
  version "2.1.0"
  resolved "https://registry.npmjs.org/randombytes/-/randombytes-2.1.0.tgz#df6f84372f0270dc65cdf6291349ab7a473d4f2a"
  integrity sha512-vYl3iOX+4CKUWuxGi9Ukhie6fsqXqS9FE2Zaic4tNFD2N2QQaXOMFbuKK4QmDHC0JO6B1Zp41J0LpT0oR68amQ==
  dependencies:
    safe-buffer "^5.1.0"

readdirp@~3.6.0:
  version "3.6.0"
  resolved "https://registry.npmjs.org/readdirp/-/readdirp-3.6.0.tgz#74a370bd857116e245b29cc97340cd431a02a6c7"
  integrity sha512-hOS089on8RduqdbhvQ5Z37A0ESjsqz6qnRcffsMU3495FuTdqSm+7bhJ29JvIOsBDEEnan5DPu9t3To9VRlMzA==
  dependencies:
    picomatch "^2.2.1"

resolve@^1.22.1, resolve@^1.5.0:
  version "1.22.3"
  resolved "https://registry.npmjs.org/resolve/-/resolve-1.22.3.tgz#4b4055349ffb962600972da1fdc33c46a4eb3283"
  integrity sha512-P8ur/gp/AmbEzjr729bZnLjXK5Z+4P0zhIJgBgzqRih7hL7BOukHGtSTA3ACMY467GRFz3duQsi0bDZdR7DKdw==
  dependencies:
    is-core-module "^2.12.0"
    path-parse "^1.0.7"
    supports-preserve-symlinks-flag "^1.0.0"

rollup-plugin-sass@^1.12.22:
  version "1.12.22"
  resolved "https://registry.yarnpkg.com/rollup-plugin-sass/-/rollup-plugin-sass-1.12.22.tgz#033d188c71cba084f0849e737c2dd646e871b3df"
  integrity sha512-bwlXqkmRDc1rVjkbN+wxXFh1jfnMEi3vHr5TufM+loUFYKd6RskGMx5Xz4sIVdxIu1oAilZkM4Px8P3QlmwfUA==
  dependencies:
    "@rollup/pluginutils" "^3 || ^4 || ^5"
    resolve "^1.5.0"
    sass "^1.7.2"

rollup@^4.17.2:
  version "4.17.2"
  resolved "https://registry.yarnpkg.com/rollup/-/rollup-4.17.2.tgz#26d1785d0144122277fdb20ab3a24729ae68301f"
  integrity sha512-/9ClTJPByC0U4zNLowV1tMBe8yMEAxewtR3cUNX5BoEpGH3dQEWpJLr6CLp0fPdYRF/fzVOgvDb1zXuakwF5kQ==
  dependencies:
    "@types/estree" "1.0.5"
  optionalDependencies:
    "@rollup/rollup-android-arm-eabi" "4.17.2"
    "@rollup/rollup-android-arm64" "4.17.2"
    "@rollup/rollup-darwin-arm64" "4.17.2"
    "@rollup/rollup-darwin-x64" "4.17.2"
    "@rollup/rollup-linux-arm-gnueabihf" "4.17.2"
    "@rollup/rollup-linux-arm-musleabihf" "4.17.2"
    "@rollup/rollup-linux-arm64-gnu" "4.17.2"
    "@rollup/rollup-linux-arm64-musl" "4.17.2"
    "@rollup/rollup-linux-powerpc64le-gnu" "4.17.2"
    "@rollup/rollup-linux-riscv64-gnu" "4.17.2"
    "@rollup/rollup-linux-s390x-gnu" "4.17.2"
    "@rollup/rollup-linux-x64-gnu" "4.17.2"
    "@rollup/rollup-linux-x64-musl" "4.17.2"
    "@rollup/rollup-win32-arm64-msvc" "4.17.2"
    "@rollup/rollup-win32-ia32-msvc" "4.17.2"
    "@rollup/rollup-win32-x64-msvc" "4.17.2"
    fsevents "~2.3.2"

safe-buffer@^5.1.0:
  version "5.2.1"
  resolved "https://registry.npmjs.org/safe-buffer/-/safe-buffer-5.2.1.tgz#1eaf9fa9bdb1fdd4ec75f58f9cdb4e6b7827eec6"
  integrity sha512-rp3So07KcdmmKbGvgaNxQSJr7bGVSVk5S9Eq1F+ppbRo70+YeaDxkw5Dd8NPN+GD6bjnYm2VuPuCXmpuYvmCXQ==

sass@^1.7.2:
  version "1.62.0"
  resolved "https://registry.npmjs.org/sass/-/sass-1.62.0.tgz#3686b2195b93295d20765135e562366b33ece37d"
  integrity sha512-Q4USplo4pLYgCi+XlipZCWUQz5pkg/ruSSgJ0WRDSb/+3z9tXUOkQ7QPYn4XrhZKYAK4HlpaQecRwKLJX6+DBg==
  dependencies:
    chokidar ">=3.0.0 <4.0.0"
    immutable "^4.0.0"
    source-map-js ">=0.6.2 <2.0.0"

semver@^6.0.0:
  version "6.3.0"
  resolved "https://registry.npmjs.org/semver/-/semver-6.3.0.tgz#ee0a64c8af5e8ceea67687b133761e1becbd1d3d"
  integrity sha512-b39TBaTSfV6yBrapU89p5fKekE2m/NwnDocOVruQFS1/veMgdzuPcnOM34M6CwxW8jH/lxEa5rBoDeUwu5HHTw==

serialize-javascript@^6.0.1:
  version "6.0.2"
  resolved "https://registry.yarnpkg.com/serialize-javascript/-/serialize-javascript-6.0.2.tgz#defa1e055c83bf6d59ea805d8da862254eb6a6c2"
  integrity sha512-Saa1xPByTTq2gdeFZYLLo+RFE35NHZkAbqZeWNd3BpzppeVisAqpDjcp8dyf6uIvEqJRd46jemmyA4iFIeVk8g==
  dependencies:
    randombytes "^2.1.0"

smob@^1.0.0:
  version "1.5.0"
  resolved "https://registry.yarnpkg.com/smob/-/smob-1.5.0.tgz#85d79a1403abf128d24d3ebc1cdc5e1a9548d3ab"
  integrity sha512-g6T+p7QO8npa+/hNx9ohv1E5pVCmWrVCUzUXJyLdMmftX6ER0oiWY/w9knEonLpnOp6b6FenKnMfR8gqwWdwig==

"source-map-js@>=0.6.2 <2.0.0":
  version "1.0.2"
  resolved "https://registry.npmjs.org/source-map-js/-/source-map-js-1.0.2.tgz#adbc361d9c62df380125e7f161f71c826f1e490c"
  integrity sha512-R0XvVJ9WusLiqTCEiGCmICCMplcCkIwwR11mOSD9CR5u+IXYdiseeEuXCVAjS54zqwkLcPNnmU4OeJ6tUrWhDw==

source-map-support@~0.5.20:
  version "0.5.21"
  resolved "https://registry.npmjs.org/source-map-support/-/source-map-support-0.5.21.tgz#04fe7c7f9e1ed2d662233c28cb2b35b9f63f6e4f"
  integrity sha512-uBHU3L3czsIyYXKX88fdrGovxdSCoTGDRZ6SYXtSRxLZUzHg5P/66Ht6uoUlHu9EZod+inXhKo3qQgwXUT/y1w==
  dependencies:
    buffer-from "^1.0.0"
    source-map "^0.6.0"

source-map@^0.6.0:
  version "0.6.1"
  resolved "https://registry.npmjs.org/source-map/-/source-map-0.6.1.tgz#74722af32e9614e9c287a8d0bbde48b5e2f1a263"
  integrity sha512-UjgapumWlbMhkBgzT7Ykc5YXUT46F0iKu8SGXq0bcwP5dz/h0Plj6enJqjz1Zbq2l5WaqYnrVbwWOWMyF3F47g==

supports-preserve-symlinks-flag@^1.0.0:
  version "1.0.0"
  resolved "https://registry.npmjs.org/supports-preserve-symlinks-flag/-/supports-preserve-symlinks-flag-1.0.0.tgz#6eda4bd344a3c94aea376d4cc31bc77311039e09"
  integrity sha512-ot0WnXS9fgdkgIcePe6RHNk1WA8+muPa6cSjeR3V8K27q9BB1rTE3R1p7Hv0z1ZyAc8s6Vvv8DIyWf681MAt0w==

terser@^5.17.4:
  version "5.31.0"
  resolved "https://registry.yarnpkg.com/terser/-/terser-5.31.0.tgz#06eef86f17007dbad4593f11a574c7f5eb02c6a1"
  integrity sha512-Q1JFAoUKE5IMfI4Z/lkE/E6+SwgzO+x4tq4v1AyBLRj8VSYvRO6A/rQrPg1yud4g0En9EKI1TvFRF2tQFcoUkg==
  dependencies:
    "@jridgewell/source-map" "^0.3.3"
    acorn "^8.8.2"
    commander "^2.20.0"
    source-map-support "~0.5.20"

to-regex-range@^5.0.1:
  version "5.0.1"
  resolved "https://registry.npmjs.org/to-regex-range/-/to-regex-range-5.0.1.tgz#1648c44aae7c8d988a326018ed72f5b4dd0392e4"
  integrity sha512-65P7iz6X5yEr1cwcgvQxbbIw7Uk3gOy5dIdtZ4rDveLqhrdJP+Li/Hx6tyK0NEb+2GCyneCMJiGqrADCSNk8sQ==
  dependencies:
    is-number "^7.0.0"

tslib@^2.6.2:
  version "2.6.2"
  resolved "https://registry.yarnpkg.com/tslib/-/tslib-2.6.2.tgz#703ac29425e7b37cd6fd456e92404d46d1f3e4ae"
  integrity sha512-AEYxH93jGFPn/a2iVAwW87VuUIkR1FVUKB77NwMF7nBTDkDrrT/Hpt/IrCJ0QXhW27jTBDcf5ZY7w6RiqTMw2Q==

typescript@^5.4.5:
  version "5.4.5"
  resolved "https://registry.yarnpkg.com/typescript/-/typescript-5.4.5.tgz#42ccef2c571fdbd0f6718b1d1f5e6e5ef006f611"
  integrity sha512-vcI4UpRgg81oIRUFwR0WSIHKt11nJ7SAVlYNIu+QpqeyXP+gpQJy/Z4+F0aGxSE4MqwjyXvW/TzgkLAx2AGHwQ==

wrappy@1:
  version "1.0.2"
  resolved "https://registry.npmjs.org/wrappy/-/wrappy-1.0.2.tgz#b5243d8f3ec1aa35f1364605bc0d1036e30ab69f"
  integrity sha512-l4Sp/DRseor9wL6EvV2+TuQn63dMkPjZ/sp9XkghTEbV9KlPS1xUsZ3u7/IQO4wxtcFB4bgpQPRcR3QCvezPcQ==
